
Microsoft Visual Studio Solution File, Format Version 12.00
# Visual Studio Version 17
VisualStudioVersion = 17.0.31903.59
MinimumVisualStudioVersion = 10.0.40219.1
Project("{FAE04EC0-301F-11D3-BF4B-00C04F79EFBC}") = "ECommerceApp.Core", "ECommerceApp.Core\ECommerceApp.Core.csproj", "{A8345657-5FE6-4A4B-A2D0-A848F49FE9BD}"
EndProject
Project("{FAE04EC0-301F-11D3-BF4B-00C04F79EFBC}") = "ECommerceApp.Data", "ECommerceApp.Data\ECommerceApp.Data.csproj", "{65406DC4-D07A-4CB3-97E9-CD8C98C0FA5C}"
EndProject
Project("{FAE04EC0-301F-11D3-BF4B-00C04F79EFBC}") = "ECommerceApp.Tests", "ECommerceApp.Tests\ECommerceApp.Tests.csproj", "{5DF735E1-5B24-41AE-8DA2-E56CBEF28DE2}"
EndProject
Global
	GlobalSection(SolutionConfigurationPlatforms) = preSolution
		Debug|Any CPU = Debug|Any CPU
		Debug|x64 = Debug|x64
		Debug|x86 = Debug|x86
		Release|Any CPU = Release|Any CPU
		Release|x64 = Release|x64
		Release|x86 = Release|x86
	EndGlobalSection
	GlobalSection(ProjectConfigurationPlatforms) = postSolution
		{A8345657-5FE6-4A4B-A2D0-A848F49FE9BD}.Debug|Any CPU.ActiveCfg = Debug|Any CPU
		{A8345657-5FE6-4A4B-A2D0-A848F49FE9BD}.Debug|Any CPU.Build.0 = Debug|Any CPU
		{A8345657-5FE6-4A4B-A2D0-A848F49FE9BD}.Debug|x64.ActiveCfg = Debug|Any CPU
		{A8345657-5FE6-4A4B-A2D0-A848F49FE9BD}.Debug|x64.Build.0 = Debug|Any CPU
		{A8345657-5FE6-4A4B-A2D0-A848F49FE9BD}.Debug|x86.ActiveCfg = Debug|Any CPU
		{A8345657-5FE6-4A4B-A2D0-A848F49FE9BD}.Debug|x86.Build.0 = Debug|Any CPU
		{A8345657-5FE6-4A4B-A2D0-A848F49FE9BD}.Release|Any CPU.ActiveCfg = Release|Any CPU
		{A8345657-5FE6-4A4B-A2D0-A848F49FE9BD}.Release|Any CPU.Build.0 = Release|Any CPU
		{A8345657-5FE6-4A4B-A2D0-A848F49FE9BD}.Release|x64.ActiveCfg = Release|Any CPU
		{A8345657-5FE6-4A4B-A2D0-A848F49FE9BD}.Release|x64.Build.0 = Release|Any CPU
		{A8345657-5FE6-4A4B-A2D0-A848F49FE9BD}.Release|x86.ActiveCfg = Release|Any CPU
		{A8345657-5FE6-4A4B-A2D0-A848F49FE9BD}.Release|x86.Build.0 = Release|Any CPU
		{65406DC4-D07A-4CB3-97E9-CD8C98C0FA5C}.Debug|Any CPU.ActiveCfg = Debug|Any CPU
		{65406DC4-D07A-4CB3-97E9-CD8C98C0FA5C}.Debug|Any CPU.Build.0 = Debug|Any CPU
		{65406DC4-D07A-4CB3-97E9-CD8C98C0FA5C}.Debug|x64.ActiveCfg = Debug|Any CPU
		{65406DC4-D07A-4CB3-97E9-CD8C98C0FA5C}.Debug|x64.Build.0 = Debug|Any CPU
		{65406DC4-D07A-4CB3-97E9-CD8C98C0FA5C}.Debug|x86.ActiveCfg = Debug|Any CPU
		{65406DC4-D07A-4CB3-97E9-CD8C98C0FA5C}.Debug|x86.Build.0 = Debug|Any CPU
		{65406DC4-D07A-4CB3-97E9-CD8C98C0FA5C}.Release|Any CPU.ActiveCfg = Release|Any CPU
		{65406DC4-D07A-4CB3-97E9-CD8C98C0FA5C}.Release|Any CPU.Build.0 = Release|Any CPU
		{65406DC4-D07A-4CB3-97E9-CD8C98C0FA5C}.Release|x64.ActiveCfg = Release|Any CPU
		{65406DC4-D07A-4CB3-97E9-CD8C98C0FA5C}.Release|x64.Build.0 = Release|Any CPU
		{65406DC4-D07A-4CB3-97E9-CD8C98C0FA5C}.Release|x86.ActiveCfg = Release|Any CPU
		{65406DC4-D07A-4CB3-97E9-CD8C98C0FA5C}.Release|x86.Build.0 = Release|Any CPU
		{5DF735E1-5B24-41AE-8DA2-E56CBEF28DE2}.Debug|Any CPU.ActiveCfg = Debug|Any CPU
		{5DF735E1-5B24-41AE-8DA2-E56CBEF28DE2}.Debug|Any CPU.Build.0 = Debug|Any CPU
		{5DF735E1-5B24-41AE-8DA2-E56CBEF28DE2}.Debug|x64.ActiveCfg = Debug|Any CPU
		{5DF735E1-5B24-41AE-8DA2-E56CBEF28DE2}.Debug|x64.Build.0 = Debug|Any CPU
		{5DF735E1-5B24-41AE-8DA2-E56CBEF28DE2}.Debug|x86.ActiveCfg = Debug|Any CPU
		{5DF735E1-5B24-41AE-8DA2-E56CBEF28DE2}.Debug|x86.Build.0 = Debug|Any CPU
		{5DF735E1-5B24-41AE-8DA2-E56CBEF28DE2}.Release|Any CPU.ActiveCfg = Release|Any CPU
		{5DF735E1-5B24-41AE-8DA2-E56CBEF28DE2}.Release|Any CPU.Build.0 = Release|Any CPU
		{5DF735E1-5B24-41AE-8DA2-E56CBEF28DE2}.Release|x64.ActiveCfg = Release|Any CPU
		{5DF735E1-5B24-41AE-8DA2-E56CBEF28DE2}.Release|x64.Build.0 = Release|Any CPU
		{5DF735E1-5B24-41AE-8DA2-E56CBEF28DE2}.Release|x86.ActiveCfg = Release|Any CPU
		{5DF735E1-5B24-41AE-8DA2-E56CBEF28DE2}.Release|x86.Build.0 = Release|Any CPU
	EndGlobalSection
	GlobalSection(SolutionProperties) = preSolution
		HideSolutionNode = FALSE
	EndGlobalSection
EndGlobal
